PODS:
  - j2objc-shared-debug (1.0)
  - j2objc-shared-release (1.0)

DEPENDENCIES:
  - j2objc-shared-debug (from `../shared/build/j2objcOutputs`)
  - j2objc-shared-release (from `../shared/build/j2objcOutputs`)

EXTERNAL SOURCES:
  j2objc-shared-debug:
    :path: "../shared/build/j2objcOutputs"
  j2objc-shared-release:
    :path: "../shared/build/j2objcOutputs"

SPEC CHECKSUMS:
  j2objc-shared-debug: d60573973a5ec36d087bbca66a2dc9e61202b5a9
  j2objc-shared-release: 5d75469fc66b48ceea427bf61dc9cf9bb8f0f535

COCOAPODS: 0.39.0
